importers:

  .: # Refere-se ao projeto raiz (supabase-question-auditor)
    dependencies:
      '@supabase/supabase-js':
        specifier: ^2.38.1      # Como estava no package.json original
        version: 2.49.4         # Versão resolvida (consistente com o que usamos)
      dotenv:
        specifier: ^16.4.5      # Como estava no package.json original
        version: 16.5.0         # Versão resolvida (consistente com o que usamos)
      openai:
        specifier: ^4.29.0      # Como estava no package.json original
        version: 4.97.0(ws@8.18.2) # Versão resolvida (consistente com o que usamos)
    devDependencies:
      '@types/node':
        specifier: ^20.11.19    # Como estava no package.json original
        version: 20.17.43       # Versão resolvida (consistente com o que usamos)
      ts-node:
        specifier: ^10.9.2      # Como estava no package.json original
        version: 10.9.2(@types/node@20.17.43)(typescript@5.8.3) # Versão resolvida
      typescript:
        specifier: ^5.4.3      # Como estava no package.json original
        version: 5.8.3         # Versão resolvida (consistente com o que usamos)
